<?xml version="1.0" encoding="utf-8"?>
<Project ToolsVersion="4.0" xmlns="http://schemas.microsoft.com/developer/msbuild/2003">
  <ItemGroup>
    <Filter Include="Source Files">
      <UniqueIdentifier>{4FC737F1-C7A5-4376-A066-2A32D752A2FF}</UniqueIdentifier>
      <Extensions>cpp;c;cc;cxx;def;odl;idl;hpj;bat;asm;asmx</Extensions>
    </Filter>
    <Filter Include="Header Files">
      <UniqueIdentifier>{93995380-89BD-4b04-88EB-625FBE52EBFB}</UniqueIdentifier>
      <Extensions>h;hpp;hxx;hm;inl;inc;xsd</Extensions>
    </Filter>
    <Filter Include="Resource Files">
      <UniqueIdentifier>{67DA6AB6-F800-4c08-8B7A-83BB121AAD01}</UniqueIdentifier>
      <Extensions>rc;ico;cur;bmp;dlg;rc2;rct;bin;rgs;gif;jpg;jpeg;jpe;resx;tiff;tif;png;wav;mfcribbon-ms</Extensions>
    </Filter>
    <Filter Include="Wrapper">
      <UniqueIdentifier>{6fc63d53-6a38-4ffb-b76c-e978f201d7ce}</UniqueIdentifier>
    </Filter>
    <Filter Include="Tile Mapping">
      <UniqueIdentifier>{4f457eb4-c743-4b0c-84b1-94995f4c5969}</UniqueIdentifier>
    </Filter>
    <Filter Include="Animation">
      <UniqueIdentifier>{4f0f5c45-f181-4d53-9ea5-f042ec24f5b2}</UniqueIdentifier>
    </Filter>
    <Filter Include="Input Manager">
      <UniqueIdentifier>{40bfd3fb-6b0a-46e6-94bf-264212749213}</UniqueIdentifier>
    </Filter>
    <Filter Include="Camera">
      <UniqueIdentifier>{976dde03-4f04-4d66-b178-548a12baffb4}</UniqueIdentifier>
    </Filter>
    <Filter Include="Particle">
      <UniqueIdentifier>{6dfc54c9-3a69-4f1b-a81b-c8ed85f3be40}</UniqueIdentifier>
    </Filter>
    <Filter Include="AI States">
      <UniqueIdentifier>{b39e0762-8323-4bb9-b5d7-6daa62aa4d01}</UniqueIdentifier>
    </Filter>
    <Filter Include="Game States">
      <UniqueIdentifier>{0a3adbab-0967-4950-8314-284a0cdfc5cc}</UniqueIdentifier>
    </Filter>
    <Filter Include="Messaging">
      <UniqueIdentifier>{d8a08ecb-6711-4118-bf30-e75aea2c8f9f}</UniqueIdentifier>
    </Filter>
    <Filter Include="Characters">
      <UniqueIdentifier>{25c1c60e-6092-49f1-8dbf-b2a6659deec1}</UniqueIdentifier>
    </Filter>
    <Filter Include="TinyXml">
      <UniqueIdentifier>{40f5bd91-b321-4c04-93bc-34e720ff9d9d}</UniqueIdentifier>
    </Filter>
  </ItemGroup>
  <ItemGroup>
    <ClCompile Include="source\WinMain.cpp">
      <Filter>Source Files</Filter>
    </ClCompile>
    <ClCompile Include="source\CGame.cpp">
      <Filter>Source Files</Filter>
    </ClCompile>
    <ClCompile Include="source\StdAfx.cpp">
      <Filter>Source Files</Filter>
    </ClCompile>
    <ClCompile Include="source\Wrappers\CSGD_Direct3D.cpp">
      <Filter>Wrapper</Filter>
    </ClCompile>
    <ClCompile Include="source\Wrappers\CSGD_DirectInput.cpp">
      <Filter>Wrapper</Filter>
    </ClCompile>
    <ClCompile Include="source\Wrappers\CSGD_TextureManager.cpp">
      <Filter>Wrapper</Filter>
    </ClCompile>
    <ClCompile Include="source\Wrappers\CSGD_XAudio2.cpp">
      <Filter>Wrapper</Filter>
    </ClCompile>
    <ClCompile Include="source\Animation\CAnimation.cpp">
      <Filter>Animation</Filter>
    </ClCompile>
    <ClCompile Include="source\Animation\CAnimationManager.cpp">
      <Filter>Animation</Filter>
    </ClCompile>
    <ClCompile Include="source\Animation\CAnimationPlayer.cpp">
      <Filter>Animation</Filter>
    </ClCompile>
    <ClCompile Include="source\Animation\CFrame.cpp">
      <Filter>Animation</Filter>
    </ClCompile>
    <ClCompile Include="source\Input Manager\CInputManager.cpp">
      <Filter>Input Manager</Filter>
    </ClCompile>
    <ClCompile Include="source\CObjectManager.cpp">
      <Filter>Source Files</Filter>
    </ClCompile>
    <ClCompile Include="source\IBaseInterface.cpp">
      <Filter>Source Files</Filter>
    </ClCompile>
    <ClCompile Include="source\Camera\CCameraControl.cpp">
      <Filter>Camera</Filter>
    </ClCompile>
    <ClCompile Include="source\Particle\CParticleEmitter.cpp">
      <Filter>Particle</Filter>
    </ClCompile>
    <ClCompile Include="source\Particle\CParticleManager.cpp">
      <Filter>Particle</Filter>
    </ClCompile>
    <ClCompile Include="source\Tile Mapping\CMap.cpp">
      <Filter>Tile Mapping</Filter>
    </ClCompile>
    <ClCompile Include="source\States\CCreditsState.cpp">
      <Filter>Game States</Filter>
    </ClCompile>
    <ClCompile Include="source\States\CMainMenuState.cpp">
      <Filter>Game States</Filter>
    </ClCompile>
    <ClCompile Include="source\States\COptionsState.cpp">
      <Filter>Game States</Filter>
    </ClCompile>
    <ClCompile Include="source\CPuzzle.cpp">
      <Filter>Source Files</Filter>
    </ClCompile>
    <ClCompile Include="source\CPuzzleManager.cpp">
      <Filter>Source Files</Filter>
    </ClCompile>
    <ClCompile Include="source\States\CGameplayState.cpp">
      <Filter>Game States</Filter>
    </ClCompile>
    <ClCompile Include="source\Messaging\CEventSystem.cpp">
      <Filter>Messaging</Filter>
    </ClCompile>
    <ClCompile Include="source\Messaging\CMessageSystem.cpp">
      <Filter>Messaging</Filter>
    </ClCompile>
    <ClCompile Include="source\Characters\CEnemy.cpp">
      <Filter>Characters</Filter>
    </ClCompile>
    <ClCompile Include="source\Characters\CNPC.cpp">
      <Filter>Characters</Filter>
    </ClCompile>
    <ClCompile Include="source\Characters\CPlayer.cpp">
      <Filter>Characters</Filter>
    </ClCompile>
    <ClCompile Include="source\States\CVideoOptionsState.cpp">
      <Filter>Game States</Filter>
    </ClCompile>
    <ClCompile Include="source\States\CAudioOptionsState.cpp">
      <Filter>Game States</Filter>
    </ClCompile>
    <ClCompile Include="source\tinyxml\tinystr.cpp">
      <Filter>TinyXml</Filter>
    </ClCompile>
    <ClCompile Include="source\tinyxml\tinyxml.cpp">
      <Filter>TinyXml</Filter>
    </ClCompile>
    <ClCompile Include="source\tinyxml\tinyxmlerror.cpp">
      <Filter>TinyXml</Filter>
    </ClCompile>
    <ClCompile Include="source\tinyxml\tinyxmlparser.cpp">
      <Filter>TinyXml</Filter>
    </ClCompile>
  </ItemGroup>
  <ItemGroup>
    <ClInclude Include="source\CGame.h">
      <Filter>Header Files</Filter>
    </ClInclude>
    <ClInclude Include="source\CTimer.h">
      <Filter>Header Files</Filter>
    </ClInclude>
    <ClInclude Include="source\StdAfx.h">
      <Filter>Header Files</Filter>
    </ClInclude>
    <ClInclude Include="source\Wrappers\CSGD_Direct3D.h">
      <Filter>Wrapper</Filter>
    </ClInclude>
    <ClInclude Include="source\Wrappers\CSGD_DirectInput.h">
      <Filter>Wrapper</Filter>
    </ClInclude>
    <ClInclude Include="source\Wrappers\CSGD_TextureManager.h">
      <Filter>Wrapper</Filter>
    </ClInclude>
    <ClInclude Include="source\Wrappers\CSGD_XAudio2.h">
      <Filter>Wrapper</Filter>
    </ClInclude>
    <ClInclude Include="source\Wrappers\SGD_Util.h">
      <Filter>Wrapper</Filter>
    </ClInclude>
    <ClInclude Include="source\Animation\CAnimation.h">
      <Filter>Animation</Filter>
    </ClInclude>
    <ClInclude Include="source\Animation\CAnimationManager.h">
      <Filter>Animation</Filter>
    </ClInclude>
    <ClInclude Include="source\Animation\CAnimationPlayer.h">
      <Filter>Animation</Filter>
    </ClInclude>
    <ClInclude Include="source\Animation\CFrame.h">
      <Filter>Animation</Filter>
    </ClInclude>
    <ClInclude Include="source\Input Manager\CInputManager.h">
      <Filter>Input Manager</Filter>
    </ClInclude>
    <ClInclude Include="source\CObjectManager.h">
      <Filter>Header Files</Filter>
    </ClInclude>
    <ClInclude Include="source\IBaseInterface.h">
      <Filter>Header Files</Filter>
    </ClInclude>
    <ClInclude Include="source\Camera\CCameraControl.h">
      <Filter>Camera</Filter>
    </ClInclude>
    <ClInclude Include="source\Particle\CParticle.h">
      <Filter>Particle</Filter>
    </ClInclude>
    <ClInclude Include="source\Particle\CParticleEmitter.h">
      <Filter>Particle</Filter>
    </ClInclude>
    <ClInclude Include="source\Particle\CParticleManager.h">
      <Filter>Particle</Filter>
    </ClInclude>
    <ClInclude Include="source\Tile Mapping\CLayer.h">
      <Filter>Tile Mapping</Filter>
    </ClInclude>
    <ClInclude Include="source\Tile Mapping\CMap.h">
      <Filter>Tile Mapping</Filter>
    </ClInclude>
    <ClInclude Include="source\Tile Mapping\CTile.h">
      <Filter>Tile Mapping</Filter>
    </ClInclude>
    <ClInclude Include="source\Tile Mapping\CTileset.h">
      <Filter>Tile Mapping</Filter>
    </ClInclude>
    <ClInclude Include="source\States\CCreditsState.h">
      <Filter>Game States</Filter>
    </ClInclude>
    <ClInclude Include="source\States\CMainMenuState.h">
      <Filter>Game States</Filter>
    </ClInclude>
    <ClInclude Include="source\States\COptionsState.h">
      <Filter>Game States</Filter>
    </ClInclude>
    <ClInclude Include="source\States\IGameState.h">
      <Filter>Game States</Filter>
    </ClInclude>
    <ClInclude Include="source\CPuzzle.h">
      <Filter>Header Files</Filter>
    </ClInclude>
    <ClInclude Include="source\CPuzzleManager.h">
      <Filter>Header Files</Filter>
    </ClInclude>
    <ClInclude Include="source\States\CGameplayState.h">
      <Filter>Game States</Filter>
    </ClInclude>
    <ClInclude Include="source\AI_States\IBaseAIState.h">
      <Filter>AI States</Filter>
    </ClInclude>
    <ClInclude Include="source\AI_States\CIdleAIState.h">
      <Filter>AI States</Filter>
    </ClInclude>
    <ClInclude Include="source\AI_States\CRandomAIState.h">
      <Filter>AI States</Filter>
    </ClInclude>
    <ClInclude Include="source\AI_States\CSwarmAIState.h">
      <Filter>AI States</Filter>
    </ClInclude>
    <ClInclude Include="source\Messaging\CEvent.h">
      <Filter>Messaging</Filter>
    </ClInclude>
    <ClInclude Include="source\Messaging\IListener.h">
      <Filter>Messaging</Filter>
    </ClInclude>
    <ClInclude Include="source\Messaging\CEventSystem.h">
      <Filter>Messaging</Filter>
    </ClInclude>
    <ClInclude Include="source\Messaging\CMessageSystem.h">
      <Filter>Messaging</Filter>
    </ClInclude>
    <ClInclude Include="source\Messaging\Messages.h">
      <Filter>Messaging</Filter>
    </ClInclude>
    <ClInclude Include="source\Characters\CEnemy.h">
      <Filter>Characters</Filter>
    </ClInclude>
    <ClInclude Include="source\Characters\CNPC.h">
      <Filter>Characters</Filter>
    </ClInclude>
    <ClInclude Include="source\Characters\CPlayer.h">
      <Filter>Characters</Filter>
    </ClInclude>
    <ClInclude Include="source\Characters\IBaseCharacter.h">
      <Filter>Characters</Filter>
    </ClInclude>
    <ClInclude Include="source\States\CVideoOptionsState.h">
      <Filter>Game States</Filter>
    </ClInclude>
    <ClInclude Include="source\States\CAudioOptionsState.h">
      <Filter>Game States</Filter>
    </ClInclude>
    <ClInclude Include="source\tinyxml\tinystr.h">
      <Filter>TinyXml</Filter>
    </ClInclude>
    <ClInclude Include="source\tinyxml\tinyxml.h">
      <Filter>TinyXml</Filter>
    </ClInclude>
  </ItemGroup>
</Project>