<?xml version="1.0" encoding="utf-8"?>
<Project ToolsVersion="4.0" xmlns="http://schemas.microsoft.com/developer/msbuild/2003">
  <ItemGroup>
    <Filter Include="Source Files">
      <UniqueIdentifier>{4FC737F1-C7A5-4376-A066-2A32D752A2FF}</UniqueIdentifier>
      <Extensions>cpp;c;cc;cxx;def;odl;idl;hpj;bat;asm;asmx</Extensions>
    </Filter>
    <Filter Include="Header Files">
      <UniqueIdentifier>{93995380-89BD-4b04-88EB-625FBE52EBFB}</UniqueIdentifier>
      <Extensions>h;hpp;hxx;hm;inl;inc;xsd</Extensions>
    </Filter>
    <Filter Include="Resource Files">
      <UniqueIdentifier>{67DA6AB6-F800-4c08-8B7A-83BB121AAD01}</UniqueIdentifier>
      <Extensions>rc;ico;cur;bmp;dlg;rc2;rct;bin;rgs;gif;jpg;jpeg;jpe;resx;tiff;tif;png;wav;mfcribbon-ms</Extensions>
    </Filter>
    <Filter Include="Animation Engine">
      <UniqueIdentifier>{90e6df17-d975-4f0e-80c6-b43425644bc8}</UniqueIdentifier>
    </Filter>
    <Filter Include="World Engine">
      <UniqueIdentifier>{cfb7e3e0-c728-481d-9089-f55fa1ef9b83}</UniqueIdentifier>
    </Filter>
    <Filter Include="Particles Engine">
      <UniqueIdentifier>{908e0faa-78e1-43cc-9e82-aa8d9b8c29e7}</UniqueIdentifier>
    </Filter>
    <Filter Include="Game States">
      <UniqueIdentifier>{c68bf4f5-5594-48f0-9602-860d70ec494a}</UniqueIdentifier>
    </Filter>
    <Filter Include="Utilities %28XML, Wrappers and Managers%29">
      <UniqueIdentifier>{743ca7e5-b745-44c0-ae74-0280d7b4081f}</UniqueIdentifier>
    </Filter>
    <Filter Include="Object Hierarchy">
      <UniqueIdentifier>{29711864-b844-4d1f-a95d-06d8242b4e65}</UniqueIdentifier>
    </Filter>
    <Filter Include="Messaging">
      <UniqueIdentifier>{3611d60c-755b-4d7c-9a8a-a1ba8af0be83}</UniqueIdentifier>
    </Filter>
    <Filter Include="Artificial Intelligence">
      <UniqueIdentifier>{d2fc8d23-5c6c-4c84-bc94-fb6e14d5b7ac}</UniqueIdentifier>
    </Filter>
    <Filter Include="Utilities %28XML, Wrappers and Managers%29\SGD Wrappers">
      <UniqueIdentifier>{96572c12-e5ec-4852-822e-949742cec576}</UniqueIdentifier>
    </Filter>
    <Filter Include="Utilities %28XML, Wrappers and Managers%29\Tiny XML">
      <UniqueIdentifier>{ade446a8-326a-4d80-a836-3a4d68696163}</UniqueIdentifier>
    </Filter>
  </ItemGroup>
  <ItemGroup>
    <ClCompile Include="source\CGame.cpp">
      <Filter>Source Files</Filter>
    </ClCompile>
    <ClCompile Include="source\StdAfx.cpp">
      <Filter>Source Files</Filter>
    </ClCompile>
    <ClCompile Include="source\WinMain.cpp">
      <Filter>Source Files</Filter>
    </ClCompile>
    <ClCompile Include="source\Camera\CCameraControl.cpp">
      <Filter>Source Files</Filter>
    </ClCompile>
    <ClCompile Include="source\Animation\CAnimation.cpp">
      <Filter>Animation Engine</Filter>
    </ClCompile>
    <ClCompile Include="source\Animation\CAnimationPlayer.cpp">
      <Filter>Animation Engine</Filter>
    </ClCompile>
    <ClCompile Include="source\Animation\CAnimationManager.cpp">
      <Filter>Animation Engine</Filter>
    </ClCompile>
    <ClCompile Include="source\Tile Mapping\CWorldEngine.cpp">
      <Filter>World Engine</Filter>
    </ClCompile>
    <ClCompile Include="source\Tile Mapping\CTileset.cpp">
      <Filter>World Engine</Filter>
    </ClCompile>
    <ClCompile Include="source\CPuzzleManager.cpp">
      <Filter>World Engine</Filter>
    </ClCompile>
    <ClCompile Include="source\CPuzzle.cpp">
      <Filter>World Engine</Filter>
    </ClCompile>
    <ClCompile Include="source\Tile Mapping\CMap.cpp">
      <Filter>World Engine</Filter>
    </ClCompile>
    <ClCompile Include="source\States\CAudioOptionsState.cpp">
      <Filter>Game States</Filter>
    </ClCompile>
    <ClCompile Include="source\States\CBaseMenu.cpp">
      <Filter>Game States</Filter>
    </ClCompile>
    <ClCompile Include="source\CBitmapFont.cpp">
      <Filter>Game States</Filter>
    </ClCompile>
    <ClCompile Include="source\States\CCreditsState.cpp">
      <Filter>Game States</Filter>
    </ClCompile>
    <ClCompile Include="source\States\CGameplayState.cpp">
      <Filter>Game States</Filter>
    </ClCompile>
    <ClCompile Include="source\States\CLoadGameState.cpp">
      <Filter>Game States</Filter>
    </ClCompile>
    <ClCompile Include="source\States\CMainMenuState.cpp">
      <Filter>Game States</Filter>
    </ClCompile>
    <ClCompile Include="source\States\CNewGameState.cpp">
      <Filter>Game States</Filter>
    </ClCompile>
    <ClCompile Include="source\States\CVideoOptionsState.cpp">
      <Filter>Game States</Filter>
    </ClCompile>
    <ClCompile Include="source\States\COptionsState.cpp">
      <Filter>Game States</Filter>
    </ClCompile>
    <ClCompile Include="source\Particle Engine\Emitter.cpp">
      <Filter>Particles Engine</Filter>
    </ClCompile>
    <ClCompile Include="source\Particle Engine\ParticleWeapon.cpp">
      <Filter>Particles Engine</Filter>
    </ClCompile>
    <ClCompile Include="source\Particle Engine\FlyWeight.cpp">
      <Filter>Particles Engine</Filter>
    </ClCompile>
    <ClCompile Include="source\Input Manager\CInputManager.cpp">
      <Filter>Utilities %28XML, Wrappers and Managers%29</Filter>
    </ClCompile>
    <ClCompile Include="source\ByteUtil.cpp">
      <Filter>Utilities %28XML, Wrappers and Managers%29</Filter>
    </ClCompile>
    <ClCompile Include="source\Animation\CFrame.cpp">
      <Filter>Animation Engine</Filter>
    </ClCompile>
    <ClCompile Include="source\Characters\CEnemy.cpp">
      <Filter>Object Hierarchy</Filter>
    </ClCompile>
    <ClCompile Include="source\Characters\CNPC.cpp">
      <Filter>Object Hierarchy</Filter>
    </ClCompile>
    <ClCompile Include="source\CObjectManager.cpp">
      <Filter>Object Hierarchy</Filter>
    </ClCompile>
    <ClCompile Include="source\Characters\CPlayer.cpp">
      <Filter>Object Hierarchy</Filter>
    </ClCompile>
    <ClCompile Include="source\IBaseInterface.cpp">
      <Filter>Object Hierarchy</Filter>
    </ClCompile>
    <ClCompile Include="source\Messaging\CEventSystem.cpp">
      <Filter>Messaging</Filter>
    </ClCompile>
    <ClCompile Include="source\Messaging\CMessageSystem.cpp">
      <Filter>Messaging</Filter>
    </ClCompile>
    <ClCompile Include="source\Messaging\CStringTable.cpp">
      <Filter>Messaging</Filter>
    </ClCompile>
    <ClCompile Include="source\Wrappers\CSGD_Direct3D.cpp">
      <Filter>Utilities %28XML, Wrappers and Managers%29\SGD Wrappers</Filter>
    </ClCompile>
    <ClCompile Include="source\Wrappers\CSGD_DirectInput.cpp">
      <Filter>Utilities %28XML, Wrappers and Managers%29\SGD Wrappers</Filter>
    </ClCompile>
    <ClCompile Include="source\Wrappers\CSGD_TextureManager.cpp">
      <Filter>Utilities %28XML, Wrappers and Managers%29\SGD Wrappers</Filter>
    </ClCompile>
    <ClCompile Include="source\Wrappers\CSGD_XAudio2.cpp">
      <Filter>Utilities %28XML, Wrappers and Managers%29\SGD Wrappers</Filter>
    </ClCompile>
    <ClCompile Include="source\tinyxml\tinyxmlparser.cpp">
      <Filter>Utilities %28XML, Wrappers and Managers%29\Tiny XML</Filter>
    </ClCompile>
    <ClCompile Include="source\tinyxml\tinystr.cpp">
      <Filter>Utilities %28XML, Wrappers and Managers%29\Tiny XML</Filter>
    </ClCompile>
    <ClCompile Include="source\tinyxml\tinyxml.cpp">
      <Filter>Utilities %28XML, Wrappers and Managers%29\Tiny XML</Filter>
    </ClCompile>
    <ClCompile Include="source\tinyxml\tinyxmlerror.cpp">
      <Filter>Utilities %28XML, Wrappers and Managers%29\Tiny XML</Filter>
    </ClCompile>
  </ItemGroup>
  <ItemGroup>
    <ClInclude Include="source\CGame.h">
      <Filter>Header Files</Filter>
    </ClInclude>
    <ClInclude Include="source\StdAfx.h">
      <Filter>Header Files</Filter>
    </ClInclude>
    <ClInclude Include="source\Camera\CCameraControl.h">
      <Filter>Header Files</Filter>
    </ClInclude>
    <ClInclude Include="source\Characters\TestPlayer.h">
      <Filter>Header Files</Filter>
    </ClInclude>
    <ClInclude Include="source\Particle Engine\FlyWeight.h">
      <Filter>Particles Engine</Filter>
    </ClInclude>
    <ClInclude Include="source\Particle Engine\Emitter.h">
      <Filter>Particles Engine</Filter>
    </ClInclude>
    <ClInclude Include="source\States\CAudioOptionsState.h">
      <Filter>Game States</Filter>
    </ClInclude>
    <ClInclude Include="source\States\CCreditsState.h">
      <Filter>Game States</Filter>
    </ClInclude>
    <ClInclude Include="source\States\CGameplayState.h">
      <Filter>Game States</Filter>
    </ClInclude>
    <ClInclude Include="source\States\CLoadGameState.h">
      <Filter>Game States</Filter>
    </ClInclude>
    <ClInclude Include="source\States\CMainMenuState.h">
      <Filter>Game States</Filter>
    </ClInclude>
    <ClInclude Include="source\States\CVideoOptionsState.h">
      <Filter>Game States</Filter>
    </ClInclude>
    <ClInclude Include="source\Particle Engine\ParticleWeapon.h">
      <Filter>Particles Engine</Filter>
    </ClInclude>
    <ClInclude Include="source\Particle Engine\Particle.h">
      <Filter>Particles Engine</Filter>
    </ClInclude>
    <ClInclude Include="source\Messaging\Messages.h">
      <Filter>Messaging</Filter>
    </ClInclude>
    <ClInclude Include="source\Messaging\IListener.h">
      <Filter>Messaging</Filter>
    </ClInclude>
    <ClInclude Include="source\Characters\IBaseCharacter.h">
      <Filter>Object Hierarchy</Filter>
    </ClInclude>
    <ClInclude Include="source\IBaseInterface.h">
      <Filter>Object Hierarchy</Filter>
    </ClInclude>
    <ClInclude Include="source\States\IGameState.h">
      <Filter>Game States</Filter>
    </ClInclude>
    <ClInclude Include="source\Tile Mapping\CTile.h">
      <Filter>World Engine</Filter>
    </ClInclude>
    <ClInclude Include="source\Tile Mapping\CTileset.h">
      <Filter>World Engine</Filter>
    </ClInclude>
    <ClInclude Include="source\CPuzzle.h">
      <Filter>World Engine</Filter>
    </ClInclude>
    <ClInclude Include="source\CPuzzleManager.h">
      <Filter>World Engine</Filter>
    </ClInclude>
    <ClInclude Include="source\Tile Mapping\CWorldEngine.h">
      <Filter>World Engine</Filter>
    </ClInclude>
    <ClInclude Include="source\CTimer.h">
      <Filter>Utilities %28XML, Wrappers and Managers%29</Filter>
    </ClInclude>
    <ClInclude Include="source\AI_States\CRandomAIState.h">
      <Filter>Artificial Intelligence</Filter>
    </ClInclude>
    <ClInclude Include="source\AI_States\CSwarmAIState.h">
      <Filter>Artificial Intelligence</Filter>
    </ClInclude>
    <ClInclude Include="source\AI_States\IBaseAIState.h">
      <Filter>Artificial Intelligence</Filter>
    </ClInclude>
    <ClInclude Include="source\States\CNewGameState.h">
      <Filter>Game States</Filter>
    </ClInclude>
    <ClInclude Include="source\Messaging\CStringTable.h">
      <Filter>Messaging</Filter>
    </ClInclude>
    <ClInclude Include="source\Input Manager\CInputManager.h">
      <Filter>Utilities %28XML, Wrappers and Managers%29</Filter>
    </ClInclude>
    <ClInclude Include="source\Characters\CNPC.h">
      <Filter>Object Hierarchy</Filter>
    </ClInclude>
    <ClInclude Include="source\CObjectManager.h">
      <Filter>Object Hierarchy</Filter>
    </ClInclude>
    <ClInclude Include="source\Characters\CPlayer.h">
      <Filter>Object Hierarchy</Filter>
    </ClInclude>
    <ClInclude Include="source\Characters\CEnemy.h">
      <Filter>Object Hierarchy</Filter>
    </ClInclude>
    <ClInclude Include="source\States\COptionsState.h">
      <Filter>Game States</Filter>
    </ClInclude>
    <ClInclude Include="source\Animation\CFrame.h">
      <Filter>Animation Engine</Filter>
    </ClInclude>
    <ClInclude Include="source\Animation\CAnimation.h">
      <Filter>Animation Engine</Filter>
    </ClInclude>
    <ClInclude Include="source\Animation\CAnimationManager.h">
      <Filter>Animation Engine</Filter>
    </ClInclude>
    <ClInclude Include="source\Animation\CAnimationPlayer.h">
      <Filter>Animation Engine</Filter>
    </ClInclude>
    <ClInclude Include="source\Tile Mapping\CLayer.h">
      <Filter>World Engine</Filter>
    </ClInclude>
    <ClInclude Include="source\Tile Mapping\CMap.h">
      <Filter>World Engine</Filter>
    </ClInclude>
    <ClInclude Include="source\ByteUtil.h">
      <Filter>Utilities %28XML, Wrappers and Managers%29</Filter>
    </ClInclude>
    <ClInclude Include="source\Messaging\CEvent.h">
      <Filter>Messaging</Filter>
    </ClInclude>
    <ClInclude Include="source\Messaging\CEventSystem.h">
      <Filter>Messaging</Filter>
    </ClInclude>
    <ClInclude Include="source\Messaging\CMessageSystem.h">
      <Filter>Messaging</Filter>
    </ClInclude>
    <ClInclude Include="source\CBitmapFont.h">
      <Filter>Game States</Filter>
    </ClInclude>
    <ClInclude Include="source\AI_States\CIdleAIState.h">
      <Filter>Artificial Intelligence</Filter>
    </ClInclude>
    <ClInclude Include="source\States\CBaseMenu.h">
      <Filter>Game States</Filter>
    </ClInclude>
    <ClInclude Include="source\Wrappers\CSGD_XAudio2.h">
      <Filter>Utilities %28XML, Wrappers and Managers%29\SGD Wrappers</Filter>
    </ClInclude>
    <ClInclude Include="source\Wrappers\CSGD_Direct3D.h">
      <Filter>Utilities %28XML, Wrappers and Managers%29\SGD Wrappers</Filter>
    </ClInclude>
    <ClInclude Include="source\Wrappers\CSGD_DirectInput.h">
      <Filter>Utilities %28XML, Wrappers and Managers%29\SGD Wrappers</Filter>
    </ClInclude>
    <ClInclude Include="source\Wrappers\CSGD_TextureManager.h">
      <Filter>Utilities %28XML, Wrappers and Managers%29\SGD Wrappers</Filter>
    </ClInclude>
    <ClInclude Include="source\Wrappers\SGD_Util.h">
      <Filter>Utilities %28XML, Wrappers and Managers%29\SGD Wrappers</Filter>
    </ClInclude>
    <ClInclude Include="source\tinyxml\tinystr.h">
      <Filter>Utilities %28XML, Wrappers and Managers%29\Tiny XML</Filter>
    </ClInclude>
    <ClInclude Include="source\tinyxml\tinyxml.h">
      <Filter>Utilities %28XML, Wrappers and Managers%29\Tiny XML</Filter>
    </ClInclude>
  </ItemGroup>
  <ItemGroup>
    <None Include="source\States\TempAsset1.png">
      <Filter>Resource Files</Filter>
    </None>
    <None Include="source\States\TempAsset2.png">
      <Filter>Resource Files</Filter>
    </None>
  </ItemGroup>
</Project>